// !$*UTF8*$!
{
	archiveVersion = 1;
	classes = {
	};
	objectVersion = 50;
	objects = {

/* Begin PBXBuildFile section */
		000F3BCA216D951C00B88611 /* AppDelegate.swift in Sources */ = {isa = PBXBuildFile; fileRef = 000F3BC9216D951C00B88611 /* AppDelegate.swift */; };
		000F3BCC216D951C00B88611 /* ViewController.swift in Sources */ = {isa = PBXBuildFile; fileRef = 000F3BCB216D951C00B88611 /* ViewController.swift */; };
		000F3BCF216D951C00B88611 /* Main.storyboard in Resources */ = {isa = PBXBuildFile; fileRef = 000F3BCD216D951C00B88611 /* Main.storyboard */; };
		000F3BD1216D951D00B88611 /* Assets.xcassets in Resources */ = {isa = PBXBuildFile; fileRef = 000F3BD0216D951D00B88611 /* Assets.xcassets */; };
		000F3BD4216D951D00B88611 /* LaunchScreen.storyboard in Resources */ = {isa = PBXBuildFile; fileRef = 000F3BD2216D951D00B88611 /* LaunchScreen.storyboard */; };
		000F3BDF216D951D00B88611 /* calculatorTests.swift in Sources */ = {isa = PBXBuildFile; fileRef = 000F3BDE216D951D00B88611 /* calculatorTests.swift */; };
		000F3BEA216D951D00B88611 /* calculatorUITests.swift in Sources */ = {isa = PBXBuildFile; fileRef = 000F3BE9216D951D00B88611 /* calculatorUITests.swift */; };
/* End PBXBuildFile section */

/* Begin PBXContainerItemProxy section */
		000F3BDB216D951D00B88611 /* PBXContainerItemProxy */ = {
			isa = PBXContainerItemProxy;
			containerPortal = 000F3BBE216D951C00B88611 /* Project object */;
			proxyType = 1;
			remoteGlobalIDString = 000F3BC5216D951C00B88611;
			remoteInfo = calculator;
		};
		000F3BE6216D951D00B88611 /* PBXContainerItemProxy */ = {
			isa = PBXContainerItemProxy;
			containerPortal = 000F3BBE216D951C00B88611 /* Project object */;
			proxyType = 1;
			remoteGlobalIDString = 000F3BC5216D951C00B88611;
			remoteInfo = calculator;
		};
/* End PBXContainerItemProxy section */

/* Begin PBXFileReference section */
		000F3BC6216D951C00B88611 /* calculator.app */ = {isa = PBXFileReference; explicitFileType = wrapper.application; includeInIndex = 0; path = calculator.app; sourceTree = BUILT_PRODUCTS_DIR; };
		000F3BC9216D951C00B88611 /* AppDelegate.swift */ = {isa = PBXFileReference; lastKnownFileType = sourcecode.swift; path = AppDelegate.swift; sourceTree = "<group>"; };
		000F3BCB216D951C00B88611 /* ViewController.swift */ = {isa = PBXFileReference; lastKnownFileType = sourcecode.swift; path = ViewController.swift; sourceTree = "<group>"; };
		000F3BCE216D951C00B88611 /* Base */ = {isa = PBXFileReference; lastKnownFileType = file.storyboard; name = Base; path = Base.lproj/Main.storyboard; sourceTree = "<group>"; };
		000F3BD0216D951D00B88611 /* Assets.xcassets */ = {isa = PBXFileReference; lastKnownFileType = folder.assetcatalog; path = Assets.xcassets; sourceTree = "<group>"; };
		000F3BD3216D951D00B88611 /* Base */ = {isa = PBXFileReference; lastKnownFileType = file.storyboard; name = Base; path = Base.lproj/LaunchScreen.storyboard; sourceTree = "<group>"; };
		000F3BD5216D951D00B88611 /* Info.plist */ = {isa = PBXFileReference; lastKnownFileType = text.plist.xml; path = Info.plist; sourceTree = "<group>"; };
		000F3BDA216D951D00B88611 /* calculatorTests.xctest */ = {isa = PBXFileReference; explicitFileType = wrapper.cfbundle; includeInIndex = 0; path = calculatorTests.xctest; sourceTree = BUILT_PRODUCTS_DIR; };
		000F3BDE216D951D00B88611 /* calculatorTests.swift */ = {isa = PBXFileReference; lastKnownFileType = sourcecode.swift; path = calculatorTests.swift; sourceTree = "<group>"; };
		000F3BE0216D951D00B88611 /* Info.plist */ = {isa = PBXFileReference; lastKnownFileType = text.plist.xml; path = Info.plist; sourceTree = "<group>"; };
		000F3BE5216D951D00B88611 /* calculatorUITests.xctest */ = {isa = PBXFileReference; explicitFileType = wrapper.cfbundle; includeInIndex = 0; path = calculatorUITests.xctest; sourceTree = BUILT_PRODUCTS_DIR; };
		000F3BE9216D951D00B88611 /* calculatorUITests.swift */ = {isa = PBXFileReference; lastKnownFileType = sourcecode.swift; path = calculatorUITests.swift; sourceTree = "<group>"; };
		000F3BEB216D951D00B88611 /* Info.plist */ = {isa = PBXFileReference; lastKnownFileType = text.plist.xml; path = Info.plist; sourceTree = "<group>"; };
/* End PBXFileReference section */

/* Begin PBXFrameworksBuildPhase section */
		000F3BC3216D951C00B88611 /* Frameworks */ = {
			isa = PBXFrameworksBuildPhase;
			buildActionMask = 2147483647;
			files = (
			);
			runOnlyForDeploymentPostprocessing = 0;
		};
		000F3BD7216D951D00B88611 /* Frameworks */ = {
			isa = PBXFrameworksBuildPhase;
			buildActionMask = 2147483647;
			files = (
			);
			runOnlyForDeploymentPostprocessing = 0;
		};
		000F3BE2216D951D00B88611 /* Frameworks */ = {
			isa = PBXFrameworksBuildPhase;
			buildActionMask = 2147483647;
			files = (
			);
			runOnlyForDeploymentPostprocessing = 0;
		};
/* End PBXFrameworksBuildPhase section */

/* Begin PBXGroup section */
		000F3BBD216D951C00B88611 = {
			isa = PBXGroup;
			children = (
				000F3BC8216D951C00B88611 /* calculator */,
				000F3BDD216D951D00B88611 /* calculatorTests */,
				000F3BE8216D951D00B88611 /* calculatorUITests */,
				000F3BC7216D951C00B88611 /* Products */,
			);
			sourceTree = "<group>";
		};
		000F3BC7216D951C00B88611 /* Products */ = {
			isa = PBXGroup;
			children = (
				000F3BC6216D951C00B88611 /* calculator.app */,
				000F3BDA216D951D00B88611 /* calculatorTests.xctest */,
				000F3BE5216D951D00B88611 /* calculatorUITests.xctest */,
			);
			name = Products;
			sourceTree = "<group>";
		};
		000F3BC8216D951C00B88611 /* calculator */ = {
			isa = PBXGroup;
			children = (
				000F3BC9216D951C00B88611 /* AppDelegate.swift */,
				000F3BCB216D951C00B88611 /* ViewController.swift */,
				000F3BCD216D951C00B88611 /* Main.storyboard */,
				000F3BD0216D951D00B88611 /* Assets.xcassets */,
				000F3BD2216D951D00B88611 /* LaunchScreen.storyboard */,
				000F3BD5216D951D00B88611 /* Info.plist */,
			);
			path = calculator;
			sourceTree = "<group>";
		};
		000F3BDD216D951D00B88611 /* calculatorTests */ = {
			isa = PBXGroup;
			children = (
				000F3BDE216D951D00B88611 /* calculatorTests.swift */,
				000F3BE0216D951D00B88611 /* Info.plist */,
			);
			path = calculatorTests;
			sourceTree = "<group>";
		};
		000F3BE8216D951D00B88611 /* calculatorUITests */ = {
			isa = PBXGroup;
			children = (
				000F3BE9216D951D00B88611 /* calculatorUITests.swift */,
				000F3BEB216D951D00B88611 /* Info.plist */,
			);
			path = calculatorUITests;
			sourceTree = "<group>";
		};
/* End PBXGroup section */

/* Begin PBXNativeTarget section */
		000F3BC5216D951C00B88611 /* calculator */ = {
			isa = PBXNativeTarget;
			buildConfigurationList = 000F3BEE216D951D00B88611 /* Build configuration list for PBXNativeTarget "calculator" */;
			buildPhases = (
				000F3BC2216D951C00B88611 /* Sources */,
				000F3BC3216D951C00B88611 /* Frameworks */,
				000F3BC4216D951C00B88611 /* Resources */,
			);
			buildRules = (
			);
			dependencies = (
			);
			name = calculator;
			productName = calculator;
			productReference = 000F3BC6216D951C00B88611 /* calculator.app */;
			productType = "com.apple.product-type.application";
		};
		000F3BD9216D951D00B88611 /* calculatorTests */ = {
			isa = PBXNativeTarget;
			buildConfigurationList = 000F3BF1216D951D00B88611 /* Build configuration list for PBXNativeTarget "calculatorTests" */;
			buildPhases = (
				000F3BD6216D951D00B88611 /* Sources */,
				000F3BD7216D951D00B88611 /* Frameworks */,
				000F3BD8216D951D00B88611 /* Resources */,
			);
			buildRules = (
			);
			dependencies = (
				000F3BDC216D951D00B88611 /* PBXTargetDependency */,
			);
			name = calculatorTests;
			productName = calculatorTests;
			productReference = 000F3BDA216D951D00B88611 /* calculatorTests.xctest */;
			productType = "com.apple.product-type.bundle.unit-test";
		};
		000F3BE4216D951D00B88611 /* calculatorUITests */ = {
			isa = PBXNativeTarget;
			buildConfigurationList = 000F3BF4216D951D00B88611 /* Build configuration list for PBXNativeTarget "calculatorUITests" */;
			buildPhases = (
				000F3BE1216D951D00B88611 /* Sources */,
				000F3BE2216D951D00B88611 /* Frameworks */,
				000F3BE3216D951D00B88611 /* Resources */,
			);
			buildRules = (
			);
			dependencies = (
				000F3BE7216D951D00B88611 /* PBXTargetDependency */,
			);
			name = calculatorUITests;
			productName = calculatorUITests;
			productReference = 000F3BE5216D951D00B88611 /* calculatorUITests.xctest */;
			productType = "com.apple.product-type.bundle.ui-testing";
		};
/* End PBXNativeTarget section */

/* Begin PBXProject section */
		000F3BBE216D951C00B88611 /* Project object */ = {
			isa = PBXProject;
			attributes = {
				LastSwiftUpdateCheck = 1000;
				LastUpgradeCheck = 1000;
				ORGANIZATIONNAME = XYF;
				TargetAttributes = {
					000F3BC5216D951C00B88611 = {
						CreatedOnToolsVersion = 10.0;
					};
					000F3BD9216D951D00B88611 = {
						CreatedOnToolsVersion = 10.0;
						TestTargetID = 000F3BC5216D951C00B88611;
					};
					000F3BE4216D951D00B88611 = {
						CreatedOnToolsVersion = 10.0;
						TestTargetID = 000F3BC5216D951C00B88611;
					};
				};
			};
			buildConfigurationList = 000F3BC1216D951C00B88611 /* Build configuration list for PBXProject "calculator" */;
			compatibilityVersion = "Xcode 9.3";
			developmentRegion = en;
			hasScannedForEncodings = 0;
			knownRegions = (
				en,
				Base,
			);
			mainGroup = 000F3BBD216D951C00B88611;
			productRefGroup = 000F3BC7216D951C00B88611 /* Products */;
			projectDirPath = "";
			projectRoot = "";
			targets = (
				000F3BC5216D951C00B88611 /* calculator */,
				000F3BD9216D951D00B88611 /* calculatorTests */,
				000F3BE4216D951D00B88611 /* calculatorUITests */,
			);
		};
/* End PBXProject section */

/* Begin PBXResourcesBuildPhase section */
		000F3BC4216D951C00B88611 /* Resources */ = {
			isa = PBXResourcesBuildPhase;
			buildActionMask = 2147483647;
			files = (
				000F3BD4216D951D00B88611 /* LaunchScreen.storyboard in Resources */,
				000F3BD1216D951D00B88611 /* Assets.xcassets in Resources */,
				000F3BCF216D951C00B88611 /* Main.storyboard in Resources */,
			);
			runOnlyForDeploymentPostprocessing = 0;
		};
		000F3BD8216D951D00B88611 /* Resources */ = {
			isa = PBXResourcesBuildPhase;
			buildActionMask = 2147483647;
			files = (
			);
			runOnlyForDeploymentPostprocessing = 0;
		};
		000F3BE3216D951D00B88611 /* Resources */ = {
			isa = PBXResourcesBuildPhase;
			buildActionMask = 2147483647;
			files = (
			);
			runOnlyForDeploymentPostprocessing = 0;
		};
/* End PBXResourcesBuildPhase section */

/* Begin PBXSourcesBuildPhase section */
		000F3BC2216D951C00B88611 /* Sources */ = {
			isa = PBXSourcesBuildPhase;
			buildActionMask = 2147483647;
			files = (
				000F3BCC216D951C00B88611 /* ViewController.swift in Sources */,
				000F3BCA216D951C00B88611 /* AppDelegate.swift in Sources */,
			);
			runOnlyForDeploymentPostprocessing = 0;
		};
		000F3BD6216D951D00B88611 /* Sources */ = {
			isa = PBXSourcesBuildPhase;
			buildActionMask = 2147483647;
			files = (
				000F3BDF216D951D00B88611 /* calculatorTests.swift in Sources */,
			);
			runOnlyForDeploymentPostprocessing = 0;
		};
		000F3BE1216D951D00B88611 /* Sources */ = {
			isa = PBXSourcesBuildPhase;
			buildActionMask = 2147483647;
			files = (
				000F3BEA216D951D00B88611 /* calculatorUITests.swift in Sources */,
			);
			runOnlyForDeploymentPostprocessing = 0;
		};
/* End PBXSourcesBuildPhase section */

/* Begin PBXTargetDependency section */
		000F3BDC216D951D00B88611 /* PBXTargetDependency */ = {
			isa = PBXTargetDependency;
			target = 000F3BC5216D951C00B88611 /* calculator */;
			targetProxy = 000F3BDB216D951D00B88611 /* PBXContainerItemProxy */;
		};
		000F3BE7216D951D00B88611 /* PBXTargetDependency */ = {
			isa = PBXTargetDependency;
			target = 000F3BC5216D951C00B88611 /* calculator */;
			targetProxy = 000F3BE6216D951D00B88611 /* PBXContainerItemProxy */;
		};
/* End PBXTargetDependency section */

/* Begin PBXVariantGroup section */
		000F3BCD216D951C00B88611 /* Main.storyboard */ = {
			isa = PBXVariantGroup;
			children = (
				000F3BCE216D951C00B88611 /* Base */,
			);
			name = Main.storyboard;
			sourceTree = "<group>";
		};
		000F3BD2216D951D00B88611 /* LaunchScreen.storyboard */ = {
			isa = PBXVariantGroup;
			children = (
				000F3BD3216D951D00B88611 /* Base */,
			);
			name = LaunchScreen.storyboard;
			sourceTree = "<group>";
		};
/* End PBXVariantGroup section */

/* Begin XCBuildConfiguration section */
		000F3BEC216D951D00B88611 /* Debug */ = {
			isa = XCBuildConfiguration;
			buildSettings = {
				ALWAYS_SEARCH_USER_PATHS = NO;
				CLANG_ANALYZER_NONNULL = YES;
				CLANG_ANALYZER_NUMBER_OBJECT_CONVERSION = YES_AGGRESSIVE;
				CLANG_CXX_LANGUAGE_STANDARD = "gnu++14";
				CLANG_CXX_LIBRARY = "libc++";
				CLANG_ENABLE_MODULES = YES;
				CLANG_ENABLE_OBJC_ARC = YES;
				CLANG_ENABLE_OBJC_WEAK = YES;
				CLANG_WARN_BLOCK_CAPTURE_AUTORELEASING = YES;
				CLANG_WARN_BOOL_CONVERSION = YES;
				CLANG_WARN_COMMA = YES;
				CLANG_WARN_CONSTANT_CONVERSION = YES;
				CLANG_WARN_DEPRECATED_OBJC_IMPLEMENTATIONS = YES;
				CLANG_WARN_DIRECT_OBJC_ISA_USAGE = YES_ERROR;
				CLANG_WARN_DOCUMENTATION_COMMENTS = YES;
				CLANG_WARN_EMPTY_BODY = YES;
				CLANG_WARN_ENUM_CONVERSION = YES;
				CLANG_WARN_INFINITE_RECURSION = YES;
				CLANG_WARN_INT_CONVERSION = YES;
				CLANG_WARN_NON_LITERAL_NULL_CONVERSION = YES;
				CLANG_WARN_OBJC_IMPLICIT_RETAIN_SELF = YES;
				CLANG_WARN_OBJC_LITERAL_CONVERSION = YES;
				CLANG_WARN_OBJC_ROOT_CLASS = YES_ERROR;
				CLANG_WARN_RANGE_LOOP_ANALYSIS = YES;
				CLANG_WARN_STRICT_PROTOTYPES = YES;
				CLANG_WARN_SUSPICIOUS_MOVE = YES;
				CLANG_WARN_UNGUARDED_AVAILABILITY = YES_AGGRESSIVE;
				CLANG_WARN_UNREACHABLE_CODE = YES;
				CLANG_WARN__DUPLICATE_METHOD_MATCH = YES;
				CODE_SIGN_IDENTITY = "iPhone Developer";
				COPY_PHASE_STRIP = NO;
				DEBUG_INFORMATION_FORMAT = dwarf;
				ENABLE_STRICT_OBJC_MSGSEND = YES;
				ENABLE_TESTABILITY = YES;
				GCC_C_LANGUAGE_STANDARD = gnu11;
				GCC_DYNAMIC_NO_PIC = NO;
				GCC_NO_COMMON_BLOCKS = YES;
				GCC_OPTIMIZATION_LEVEL = 0;
				GCC_PREPROCESSOR_DEFINITIONS = (
					"DEBUG=1",
					"$(inherited)",
				);
				GCC_WARN_64_TO_32_BIT_CONVERSION = YES;
				GCC_WARN_ABOUT_RETURN_TYPE = YES_ERROR;
				GCC_WARN_UNDECLARED_SELECTOR = YES;
				GCC_WARN_UNINITIALIZED_AUTOS = YES_AGGRESSIVE;
				GCC_WARN_UNUSED_FUNCTION = YES;
				GCC_WARN_UNUSED_VARIABLE = YES;
				IPHONEOS_DEPLOYMENT_TARGET = 12.0;
				MTL_ENABLE_DEBUG_INFO = INCLUDE_SOURCE;
				MTL_FAST_MATH = YES;
				ONLY_ACTIVE_ARCH = YES;
				SDKROOT = iphoneos;
				SWIFT_ACTIVE_COMPILATION_CONDITIONS = DEBUG;
				SWIFT_OPTIMIZATION_LEVEL = "-Onone";
			};
			name = Debug;
		};
		000F3BED216D951D00B88611 /* Release */ = {
			isa = XCBuildConfiguration;
			buildSettings = {
				ALWAYS_SEARCH_USER_PATHS = NO;
				CLANG_ANALYZER_NONNULL = YES;
				CLANG_ANALYZER_NUMBER_OBJECT_CONVERSION = YES_AGGRESSIVE;
				CLANG_CXX_LANGUAGE_STANDARD = "gnu++14";
				CLANG_CXX_LIBRARY = "libc++";
				CLANG_ENABLE_MODULES = YES;
				CLANG_ENABLE_OBJC_ARC = YES;
				CLANG_ENABLE_OBJC_WEAK = YES;
				CLANG_WARN_BLOCK_CAPTURE_AUTORELEASING = YES;
				CLANG_WARN_BOOL_CONVERSION = YES;
				CLANG_WARN_COMMA = YES;
				CLANG_WARN_CONSTANT_CONVERSION = YES;
				CLANG_WARN_DEPRECATED_OBJC_IMPLEMENTATIONS = YES;
				CLANG_WARN_DIRECT_OBJC_ISA_USAGE = YES_ERROR;
				CLANG_WARN_DOCUMENTATION_COMMENTS = YES;
				CLANG_WARN_EMPTY_BODY = YES;
				CLANG_WARN_ENUM_CONVERSION = YES;
				CLANG_WARN_INFINITE_RECURSION = YES;
				CLANG_WARN_INT_CONVERSION = YES;
				CLANG_WARN_NON_LITERAL_NULL_CONVERSION = YES;
				CLANG_WARN_OBJC_IMPLICIT_RETAIN_SELF = YES;
				CLANG_WARN_OBJC_LITERAL_CONVERSION = YES;
				CLANG_WARN_OBJC_ROOT_CLASS = YES_ERROR;
				CLANG_WARN_RANGE_LOOP_ANALYSIS = YES;
				CLANG_WARN_STRICT_PROTOTYPES = YES;
				CLANG_WARN_SUSPICIOUS_MOVE = YES;
				CLANG_WARN_UNGUARDED_AVAILABILITY = YES_AGGRESSIVE;
				CLANG_WARN_UNREACHABLE_CODE = YES;
				CLANG_WARN__DUPLICATE_METHOD_MATCH = YES;
				CODE_SIGN_IDENTITY = "iPhone Developer";
				COPY_PHASE_STRIP = NO;
				DEBUG_INFORMATION_FORMAT = "dwarf-with-dsym";
				ENABLE_NS_ASSERTIONS = NO;
				ENABLE_STRICT_OBJC_MSGSEND = YES;
				GCC_C_LANGUAGE_STANDARD = gnu11;
				GCC_NO_COMMON_BLOCKS = YES;
				GCC_WARN_64_TO_32_BIT_CONVERSION = YES;
				GCC_WARN_ABOUT_RETURN_TYPE = YES_ERROR;
				GCC_WARN_UNDECLARED_SELECTOR = YES;
				GCC_WARN_UNINITIALIZED_AUTOS = YES_AGGRESSIVE;
				GCC_WARN_UNUSED_FUNCTION = YES;
				GCC_WARN_UNUSED_VARIABLE = YES;
				IPHONEOS_DEPLOYMENT_TARGET = 12.0;
				MTL_ENABLE_DEBUG_INFO = NO;
				MTL_FAST_MATH = YES;
				SDKROOT = iphoneos;
				SWIFT_COMPILATION_MODE = wholemodule;
				SWIFT_OPTIMIZATION_LEVEL = "-O";
				VALIDATE_PRODUCT = YES;
			};
			name = Release;
		};
		000F3BEF216D951D00B88611 /* Debug */ = {
			isa = XCBuildConfiguration;
			buildSettings = {
				ASSETCATALOG_COMPILER_APPICON_NAME = AppIcon;
				CODE_SIGN_STYLE = Automatic;
				INFOPLIST_FILE = calculator/Info.plist;
				LD_RUNPATH_SEARCH_PATHS = (
					"$(inherited)",
					"@executable_path/Frameworks",
				);
				PRODUCT_BUNDLE_IDENTIFIER = "-0161104591.calculator";
				PRODUCT_NAME = "$(TARGET_NAME)";
				SWIFT_VERSION = 4.2;
				TARGETED_DEVICE_FAMILY = "1,2";
			};
			name = Debug;
		};
		000F3BF0216D951D00B88611 /* Release */ = {
			isa = XCBuildConfiguration;
			buildSettings = {
				ASSETCATALOG_COMPILER_APPICON_NAME = AppIcon;
				CODE_SIGN_STYLE = Automatic;
				INFOPLIST_FILE = calculator/Info.plist;
				LD_RUNPATH_SEARCH_PATHS = (
					"$(inherited)",
					"@executable_path/Frameworks",
				);
				PRODUCT_BUNDLE_IDENTIFIER = "-0161104591.calculator";
				PRODUCT_NAME = "$(TARGET_NAME)";
				SWIFT_VERSION = 4.2;
				TARGETED_DEVICE_FAMILY = "1,2";
			};
			name = Release;
		};
		000F3BF2216D951D00B88611 /* Debug */ = {
			isa = XCBuildConfiguration;
			buildSettings = {
				ALWAYS_EMBED_SWIFT_STANDARD_LIBRARIES = YES;
				BUNDLE_LOADER = "$(TEST_HOST)";
				CODE_SIGN_STYLE = Automatic;
				INFOPLIST_FILE = calculatorTests/Info.plist;
				LD_RUNPATH_SEARCH_PATHS = (
					"$(inherited)",
					"@executable_path/Frameworks",
					"@loader_path/Frameworks",
				);
				PRODUCT_BUNDLE_IDENTIFIER = "-0161104591.calculatorTests";
				PRODUCT_NAME = "$(TARGET_NAME)";
				SWIFT_VERSION = 4.2;
				TARGETED_DEVICE_FAMILY = "1,2";
				TEST_HOST = "$(BUILT_PRODUCTS_DIR)/calculator.app/calculator";
			};
			name = Debug;
		};
		000F3BF3216D951D00B88611 /* Release */ = {
			isa = XCBuildConfiguration;
			buildSettings = {
				ALWAYS_EMBED_SWIFT_STANDARD_LIBRARIES = YES;
				BUNDLE_LOADER = "$(TEST_HOST)";
				CODE_SIGN_STYLE = Automatic;
				INFOPLIST_FILE = calculatorTests/Info.plist;
				LD_RUNPATH_SEARCH_PATHS = (
					"$(inherited)",
					"@executable_path/Frameworks",
					"@loader_path/Frameworks",
				);
				PRODUCT_BUNDLE_IDENTIFIER = "-0161104591.calculatorTests";
				PRODUCT_NAME = "$(TARGET_NAME)";
				SWIFT_VERSION = 4.2;
				TARGETED_DEVICE_FAMILY = "1,2";
				TEST_HOST = "$(BUILT_PRODUCTS_DIR)/calculator.app/calculator";
			};
			name = Release;
		};
		000F3BF5216D951D00B88611 /* Debug */ = {
			isa = XCBuildConfiguration;
			buildSettings = {
				ALWAYS_EMBED_SWIFT_STANDARD_LIBRARIES = YES;
				CODE_SIGN_STYLE = Automatic;
				INFOPLIST_FILE = calculatorUITests/Info.plist;
				LD_RUNPATH_SEARCH_PATHS = (
					"$(inherited)",
					"@executable_path/Frameworks",
					"@loader_path/Frameworks",
				);
				PRODUCT_BUNDLE_IDENTIFIER = "-0161104591.calculatorUITests";
				PRODUCT_NAME = "$(TARGET_NAME)";
				SWIFT_VERSION = 4.2;
				TARGETED_DEVICE_FAMILY = "1,2";
				TEST_TARGET_NAME = calculator;
			};
			name = Debug;
		};
		000F3BF6216D951D00B88611 /* Release */ = {
			isa = XCBuildConfiguration;
			buildSettings = {
				ALWAYS_EMBED_SWIFT_STANDARD_LIBRARIES = YES;
				CODE_SIGN_STYLE = Automatic;
				INFOPLIST_FILE = calculatorUITests/Info.plist;
				LD_RUNPATH_SEARCH_PATHS = (
					"$(inherited)",
					"@executable_path/Frameworks",
					"@loader_path/Frameworks",
				);
				PRODUCT_BUNDLE_IDENTIFIER = "-0161104591.calculatorUITests";
				PRODUCT_NAME = "$(TARGET_NAME)";
				SWIFT_VERSION = 4.2;
				TARGETED_DEVICE_FAMILY = "1,2";
				TEST_TARGET_NAME = calculator;
			};
			name = Release;
		};
/* End XCBuildConfiguration section */

/* Begin XCConfigurationList section */
		000F3BC1216D951C00B88611 /* Build configuration list for PBXProject "calculator" */ = {
			isa = XCConfigurationList;
			buildConfigurations = (
				000F3BEC216D951D00B88611 /* Debug */,
				000F3BED216D951D00B88611 /* Release */,
			);
			defaultConfigurationIsVisible = 0;
			defaultConfigurationName = Release;
		};
		000F3BEE216D951D00B88611 /* Build configuration list for PBXNativeTarget "calculator" */ = {
			isa = XCConfigurationList;
			buildConfigurations = (
				000F3BEF216D951D00B88611 /* Debug */,
				000F3BF0216D951D00B88611 /* Release */,
			);
			defaultConfigurationIsVisible = 0;
			defaultConfigurationName = Release;
		};
		000F3BF1216D951D00B88611 /* Build configuration list for PBXNativeTarget "calculatorTests" */ = {
			isa = XCConfigurationList;
			buildConfigurations = (
				000F3BF2216D951D00B88611 /* Debug */,
				000F3BF3216D951D00B88611 /* Release */,
			);
			defaultConfigurationIsVisible = 0;
			defaultConfigurationName = Release;
		};
		000F3BF4216D951D00B88611 /* Build configuration list for PBXNativeTarget "calculatorUITests" */ = {
			isa = XCConfigurationList;
			buildConfigurations = (
				000F3BF5216D951D00B88611 /* Debug */,
				000F3BF6216D951D00B88611 /* Release */,
			);
			defaultConfigurationIsVisible = 0;
			defaultConfigurationName = Release;
		};
/* End XCConfigurationList section */
	};
	rootObject = 000F3BBE216D951C00B88611 /* Project object */;
}
